
Microsoft Visual Studio Solution File, Format Version 12.00
# Visual Studio 14
VisualStudioVersion = 14.0.25420.1
MinimumVisualStudioVersion = 10.0.40219.1
Project("{FAE04EC0-301F-11D3-BF4B-00C04F79EFBC}") = "admin_az", "admin_az\admin_az.csproj", "{8E9DCEAB-5694-482E-AD21-54CF5510F24E}"
EndProject
Project("{54435603-DBB4-11D2-8724-00A0C9A8B90C}") = "Setup1", "Setup1\Setup1.vdproj", "{929083F1-1584-49A5-8A11-08E3C2D20824}"
EndProject
Project("{54435603-DBB4-11D2-8724-00A0C9A8B90C}") = "Setup2", "Setup2\Setup2.vdproj", "{44263F6C-93D4-4EA5-A1E0-9DBE6BBAE434}"
EndProject
Global
	GlobalSection(SolutionConfigurationPlatforms) = preSolution
		Debug|Any CPU = Debug|Any CPU
		Release|Any CPU = Release|Any CPU
	EndGlobalSection
	GlobalSection(ProjectConfigurationPlatforms) = postSolution
		{8E9DCEAB-5694-482E-AD21-54CF5510F24E}.Debug|Any CPU.ActiveCfg = Debug|Any CPU
		{8E9DCEAB-5694-482E-AD21-54CF5510F24E}.Debug|Any CPU.Build.0 = Debug|Any CPU
		{8E9DCEAB-5694-482E-AD21-54CF5510F24E}.Release|Any CPU.ActiveCfg = Release|Any CPU
		{8E9DCEAB-5694-482E-AD21-54CF5510F24E}.Release|Any CPU.Build.0 = Release|Any CPU
		{929083F1-1584-49A5-8A11-08E3C2D20824}.Debug|Any CPU.ActiveCfg = Debug
		{929083F1-1584-49A5-8A11-08E3C2D20824}.Release|Any CPU.ActiveCfg = Release
		{44263F6C-93D4-4EA5-A1E0-9DBE6BBAE434}.Debug|Any CPU.ActiveCfg = Debug
		{44263F6C-93D4-4EA5-A1E0-9DBE6BBAE434}.Release|Any CPU.ActiveCfg = Release
	EndGlobalSection
	GlobalSection(SolutionProperties) = preSolution
		HideSolutionNode = FALSE
	EndGlobalSection
EndGlobal
